// !$*UTF8*$!
{
	archiveVersion = 1;
	classes = {
	};
	objectVersion = 50;
	objects = {

/* Begin PBXBuildFile section */
		767763B3237393090011419F /* AppDelegate.swift in Sources */ = {isa = PBXBuildFile; fileRef = 767763B2237393090011419F /* AppDelegate.swift */; };
		767763B5237393090011419F /* SceneDelegate.swift in Sources */ = {isa = PBXBuildFile; fileRef = 767763B4237393090011419F /* SceneDelegate.swift */; };
		767763B7237393090011419F /* ViewController.swift in Sources */ = {isa = PBXBuildFile; fileRef = 767763B6237393090011419F /* ViewController.swift */; };
		767763BA237393090011419F /* Main.storyboard in Resources */ = {isa = PBXBuildFile; fileRef = 767763B8237393090011419F /* Main.storyboard */; };
		767763BC2373930B0011419F /* Assets.xcassets in Resources */ = {isa = PBXBuildFile; fileRef = 767763BB2373930B0011419F /* Assets.xcassets */; };
		767763BF2373930B0011419F /* LaunchScreen.storyboard in Resources */ = {isa = PBXBuildFile; fileRef = 767763BD2373930B0011419F /* LaunchScreen.storyboard */; };
		767763C8237394150011419F /* lamp_on.png in Resources */ = {isa = PBXBuildFile; fileRef = 767763C6237394150011419F /* lamp_on.png */; };
		767763C9237394150011419F /* lamp_off.png in Resources */ = {isa = PBXBuildFile; fileRef = 767763C7237394150011419F /* lamp_off.png */; };
		767763CB237394820011419F /* ImageViewController.swift in Sources */ = {isa = PBXBuildFile; fileRef = 767763CA237394820011419F /* ImageViewController.swift */; };
		767763CD2373955F0011419F /* DateViewController.swift in Sources */ = {isa = PBXBuildFile; fileRef = 767763CC2373955F0011419F /* DateViewController.swift */; };
		767763CF23739DBE0011419F /* 05.jpeg in Resources */ = {isa = PBXBuildFile; fileRef = 767763CE23739DBE0011419F /* 05.jpeg */; };
		767763D123739E1F0011419F /* IMG_4632.jpeg in Resources */ = {isa = PBXBuildFile; fileRef = 767763D023739E1F0011419F /* IMG_4632.jpeg */; };
		767763D323739FA50011419F /* 03.jpeg in Resources */ = {isa = PBXBuildFile; fileRef = 767763D223739FA50011419F /* 03.jpeg */; };
		767763D523739FAB0011419F /* 04.jpeg in Resources */ = {isa = PBXBuildFile; fileRef = 767763D423739FAB0011419F /* 04.jpeg */; };
/* End PBXBuildFile section */

/* Begin PBXFileReference section */
		767763AF237393090011419F /* Tab.app */ = {isa = PBXFileReference; explicitFileType = wrapper.application; includeInIndex = 0; path = Tab.app; sourceTree = BUILT_PRODUCTS_DIR; };
		767763B2237393090011419F /* AppDelegate.swift */ = {isa = PBXFileReference; lastKnownFileType = sourcecode.swift; path = AppDelegate.swift; sourceTree = "<group>"; };
		767763B4237393090011419F /* SceneDelegate.swift */ = {isa = PBXFileReference; lastKnownFileType = sourcecode.swift; path = SceneDelegate.swift; sourceTree = "<group>"; };
		767763B6237393090011419F /* ViewController.swift */ = {isa = PBXFileReference; lastKnownFileType = sourcecode.swift; path = ViewController.swift; sourceTree = "<group>"; };
		767763B9237393090011419F /* Base */ = {isa = PBXFileReference; lastKnownFileType = file.storyboard; name = Base; path = Base.lproj/Main.storyboard; sourceTree = "<group>"; };
		767763BB2373930B0011419F /* Assets.xcassets */ = {isa = PBXFileReference; lastKnownFileType = folder.assetcatalog; path = Assets.xcassets; sourceTree = "<group>"; };
		767763BE2373930B0011419F /* Base */ = {isa = PBXFileReference; lastKnownFileType = file.storyboard; name = Base; path = Base.lproj/LaunchScreen.storyboard; sourceTree = "<group>"; };
		767763C02373930B0011419F /* Info.plist */ = {isa = PBXFileReference; lastKnownFileType = text.plist.xml; path = Info.plist; sourceTree = "<group>"; };
		767763C6237394150011419F /* lamp_on.png */ = {isa = PBXFileReference; lastKnownFileType = image.png; path = lamp_on.png; sourceTree = "<group>"; };
		767763C7237394150011419F /* lamp_off.png */ = {isa = PBXFileReference; lastKnownFileType = image.png; path = lamp_off.png; sourceTree = "<group>"; };
		767763CA237394820011419F /* ImageViewController.swift */ = {isa = PBXFileReference; fileEncoding = 4; lastKnownFileType = sourcecode.swift; path = ImageViewController.swift; sourceTree = "<group>"; };
		767763CC2373955F0011419F /* DateViewController.swift */ = {isa = PBXFileReference; fileEncoding = 4; lastKnownFileType = sourcecode.swift; path = DateViewController.swift; sourceTree = "<group>"; };
		767763CE23739DBE0011419F /* 05.jpeg */ = {isa = PBXFileReference; lastKnownFileType = image.jpeg; path = 05.jpeg; sourceTree = "<group>"; };
		767763D023739E1F0011419F /* IMG_4632.jpeg */ = {isa = PBXFileReference; lastKnownFileType = image.jpeg; path = IMG_4632.jpeg; sourceTree = "<group>"; };
		767763D223739FA50011419F /* 03.jpeg */ = {isa = PBXFileReference; lastKnownFileType = image.jpeg; path = 03.jpeg; sourceTree = "<group>"; };
		767763D423739FAB0011419F /* 04.jpeg */ = {isa = PBXFileReference; lastKnownFileType = image.jpeg; path = 04.jpeg; sourceTree = "<group>"; };
/* End PBXFileReference section */

/* Begin PBXFrameworksBuildPhase section */
		767763AC237393090011419F /* Frameworks */ = {
			isa = PBXFrameworksBuildPhase;
			buildActionMask = 2147483647;
			files = (
			);
			runOnlyForDeploymentPostprocessing = 0;
		};
/* End PBXFrameworksBuildPhase section */

/* Begin PBXGroup section */
		767763A6237393090011419F = {
			isa = PBXGroup;
			children = (
				767763B1237393090011419F /* Tab */,
				767763B0237393090011419F /* Products */,
			);
			sourceTree = "<group>";
		};
		767763B0237393090011419F /* Products */ = {
			isa = PBXGroup;
			children = (
				767763AF237393090011419F /* Tab.app */,
			);
			name = Products;
			sourceTree = "<group>";
		};
		767763B1237393090011419F /* Tab */ = {
			isa = PBXGroup;
			children = (
				767763CE23739DBE0011419F /* 05.jpeg */,
				767763D223739FA50011419F /* 03.jpeg */,
				767763D423739FAB0011419F /* 04.jpeg */,
				767763D023739E1F0011419F /* IMG_4632.jpeg */,
				767763CC2373955F0011419F /* DateViewController.swift */,
				767763CA237394820011419F /* ImageViewController.swift */,
				767763C7237394150011419F /* lamp_off.png */,
				767763C6237394150011419F /* lamp_on.png */,
				767763B2237393090011419F /* AppDelegate.swift */,
				767763B4237393090011419F /* SceneDelegate.swift */,
				767763B6237393090011419F /* ViewController.swift */,
				767763B8237393090011419F /* Main.storyboard */,
				767763BB2373930B0011419F /* Assets.xcassets */,
				767763BD2373930B0011419F /* LaunchScreen.storyboard */,
				767763C02373930B0011419F /* Info.plist */,
			);
			path = Tab;
			sourceTree = "<group>";
		};
/* End PBXGroup section */

/* Begin PBXNativeTarget section */
		767763AE237393090011419F /* Tab */ = {
			isa = PBXNativeTarget;
			buildConfigurationList = 767763C32373930B0011419F /* Build configuration list for PBXNativeTarget "Tab" */;
			buildPhases = (
				767763AB237393090011419F /* Sources */,
				767763AC237393090011419F /* Frameworks */,
				767763AD237393090011419F /* Resources */,
			);
			buildRules = (
			);
			dependencies = (
			);
			name = Tab;
			productName = Tab;
			productReference = 767763AF237393090011419F /* Tab.app */;
			productType = "com.apple.product-type.application";
		};
/* End PBXNativeTarget section */

/* Begin PBXProject section */
		767763A7237393090011419F /* Project object */ = {
			isa = PBXProject;
			attributes = {
				LastSwiftUpdateCheck = 1120;
				LastUpgradeCheck = 1120;
				ORGANIZATIONNAME = Moon;
				TargetAttributes = {
					767763AE237393090011419F = {
						CreatedOnToolsVersion = 11.2;
					};
				};
			};
			buildConfigurationList = 767763AA237393090011419F /* Build configuration list for PBXProject "Tab" */;
			compatibilityVersion = "Xcode 9.3";
			developmentRegion = en;
			hasScannedForEncodings = 0;
			knownRegions = (
				en,
				Base,
			);
			mainGroup = 767763A6237393090011419F;
			productRefGroup = 767763B0237393090011419F /* Products */;
			projectDirPath = "";
			projectRoot = "";
			targets = (
				767763AE237393090011419F /* Tab */,
			);
		};
/* End PBXProject section */

/* Begin PBXResourcesBuildPhase section */
		767763AD237393090011419F /* Resources */ = {
			isa = PBXResourcesBuildPhase;
			buildActionMask = 2147483647;
			files = (
				767763CF23739DBE0011419F /* 05.jpeg in Resources */,
				767763C8237394150011419F /* lamp_on.png in Resources */,
				767763BF2373930B0011419F /* LaunchScreen.storyboard in Resources */,
				767763D123739E1F0011419F /* IMG_4632.jpeg in Resources */,
				767763C9237394150011419F /* lamp_off.png in Resources */,
				767763BC2373930B0011419F /* Assets.xcassets in Resources */,
				767763D523739FAB0011419F /* 04.jpeg in Resources */,
				767763D323739FA50011419F /* 03.jpeg in Resources */,
				767763BA237393090011419F /* Main.storyboard in Resources */,
			);
			runOnlyForDeploymentPostprocessing = 0;
		};
/* End PBXResourcesBuildPhase section */

/* Begin PBXSourcesBuildPhase section */
		767763AB237393090011419F /* Sources */ = {
			isa = PBXSourcesBuildPhase;
			buildActionMask = 2147483647;
			files = (
				767763CD2373955F0011419F /* DateViewController.swift in Sources */,
				767763B7237393090011419F /* ViewController.swift in Sources */,
				767763B3237393090011419F /* AppDelegate.swift in Sources */,
				767763CB237394820011419F /* ImageViewController.swift in Sources */,
				767763B5237393090011419F /* SceneDelegate.swift in Sources */,
			);
			runOnlyForDeploymentPostprocessing = 0;
		};
/* End PBXSourcesBuildPhase section */

/* Begin PBXVariantGroup section */
		767763B8237393090011419F /* Main.storyboard */ = {
			isa = PBXVariantGroup;
			children = (
				767763B9237393090011419F /* Base */,
			);
			name = Main.storyboard;
			sourceTree = "<group>";
		};
		767763BD2373930B0011419F /* LaunchScreen.storyboard */ = {
			isa = PBXVariantGroup;
			children = (
				767763BE2373930B0011419F /* Base */,
			);
			name = LaunchScreen.storyboard;
			sourceTree = "<group>";
		};
/* End PBXVariantGroup section */

/* Begin XCBuildConfiguration section */
		767763C12373930B0011419F /* Debug */ = {
			isa = XCBuildConfiguration;
			buildSettings = {
				ALWAYS_SEARCH_USER_PATHS = NO;
				CLANG_ANALYZER_NONNULL = YES;
				CLANG_ANALYZER_NUMBER_OBJECT_CONVERSION = YES_AGGRESSIVE;
				CLANG_CXX_LANGUAGE_STANDARD = "gnu++14";
				CLANG_CXX_LIBRARY = "libc++";
				CLANG_ENABLE_MODULES = YES;
				CLANG_ENABLE_OBJC_ARC = YES;
				CLANG_ENABLE_OBJC_WEAK = YES;
				CLANG_WARN_BLOCK_CAPTURE_AUTORELEASING = YES;
				CLANG_WARN_BOOL_CONVERSION = YES;
				CLANG_WARN_COMMA = YES;
				CLANG_WARN_CONSTANT_CONVERSION = YES;
				CLANG_WARN_DEPRECATED_OBJC_IMPLEMENTATIONS = YES;
				CLANG_WARN_DIRECT_OBJC_ISA_USAGE = YES_ERROR;
				CLANG_WARN_DOCUMENTATION_COMMENTS = YES;
				CLANG_WARN_EMPTY_BODY = YES;
				CLANG_WARN_ENUM_CONVERSION = YES;
				CLANG_WARN_INFINITE_RECURSION = YES;
				CLANG_WARN_INT_CONVERSION = YES;
				CLANG_WARN_NON_LITERAL_NULL_CONVERSION = YES;
				CLANG_WARN_OBJC_IMPLICIT_RETAIN_SELF = YES;
				CLANG_WARN_OBJC_LITERAL_CONVERSION = YES;
				CLANG_WARN_OBJC_ROOT_CLASS = YES_ERROR;
				CLANG_WARN_RANGE_LOOP_ANALYSIS = YES;
				CLANG_WARN_STRICT_PROTOTYPES = YES;
				CLANG_WARN_SUSPICIOUS_MOVE = YES;
				CLANG_WARN_UNGUARDED_AVAILABILITY = YES_AGGRESSIVE;
				CLANG_WARN_UNREACHABLE_CODE = YES;
				CLANG_WARN__DUPLICATE_METHOD_MATCH = YES;
				COPY_PHASE_STRIP = NO;
				DEBUG_INFORMATION_FORMAT = dwarf;
				ENABLE_STRICT_OBJC_MSGSEND = YES;
				ENABLE_TESTABILITY = YES;
				GCC_C_LANGUAGE_STANDARD = gnu11;
				GCC_DYNAMIC_NO_PIC = NO;
				GCC_NO_COMMON_BLOCKS = YES;
				GCC_OPTIMIZATION_LEVEL = 0;
				GCC_PREPROCESSOR_DEFINITIONS = (
					"DEBUG=1",
					"$(inherited)",
				);
				GCC_WARN_64_TO_32_BIT_CONVERSION = YES;
				GCC_WARN_ABOUT_RETURN_TYPE = YES_ERROR;
				GCC_WARN_UNDECLARED_SELECTOR = YES;
				GCC_WARN_UNINITIALIZED_AUTOS = YES_AGGRESSIVE;
				GCC_WARN_UNUSED_FUNCTION = YES;
				GCC_WARN_UNUSED_VARIABLE = YES;
				IPHONEOS_DEPLOYMENT_TARGET = 13.2;
				MTL_ENABLE_DEBUG_INFO = INCLUDE_SOURCE;
				MTL_FAST_MATH = YES;
				ONLY_ACTIVE_ARCH = YES;
				SDKROOT = iphoneos;
				SWIFT_ACTIVE_COMPILATION_CONDITIONS = DEBUG;
				SWIFT_OPTIMIZATION_LEVEL = "-Onone";
			};
			name = Debug;
		};
		767763C22373930B0011419F /* Release */ = {
			isa = XCBuildConfiguration;
			buildSettings = {
				ALWAYS_SEARCH_USER_PATHS = NO;
				CLANG_ANALYZER_NONNULL = YES;
				CLANG_ANALYZER_NUMBER_OBJECT_CONVERSION = YES_AGGRESSIVE;
				CLANG_CXX_LANGUAGE_STANDARD = "gnu++14";
				CLANG_CXX_LIBRARY = "libc++";
				CLANG_ENABLE_MODULES = YES;
				CLANG_ENABLE_OBJC_ARC = YES;
				CLANG_ENABLE_OBJC_WEAK = YES;
				CLANG_WARN_BLOCK_CAPTURE_AUTORELEASING = YES;
				CLANG_WARN_BOOL_CONVERSION = YES;
				CLANG_WARN_COMMA = YES;
				CLANG_WARN_CONSTANT_CONVERSION = YES;
				CLANG_WARN_DEPRECATED_OBJC_IMPLEMENTATIONS = YES;
				CLANG_WARN_DIRECT_OBJC_ISA_USAGE = YES_ERROR;
				CLANG_WARN_DOCUMENTATION_COMMENTS = YES;
				CLANG_WARN_EMPTY_BODY = YES;
				CLANG_WARN_ENUM_CONVERSION = YES;
				CLANG_WARN_INFINITE_RECURSION = YES;
				CLANG_WARN_INT_CONVERSION = YES;
				CLANG_WARN_NON_LITERAL_NULL_CONVERSION = YES;
				CLANG_WARN_OBJC_IMPLICIT_RETAIN_SELF = YES;
				CLANG_WARN_OBJC_LITERAL_CONVERSION = YES;
				CLANG_WARN_OBJC_ROOT_CLASS = YES_ERROR;
				CLANG_WARN_RANGE_LOOP_ANALYSIS = YES;
				CLANG_WARN_STRICT_PROTOTYPES = YES;
				CLANG_WARN_SUSPICIOUS_MOVE = YES;
				CLANG_WARN_UNGUARDED_AVAILABILITY = YES_AGGRESSIVE;
				CLANG_WARN_UNREACHABLE_CODE = YES;
				CLANG_WARN__DUPLICATE_METHOD_MATCH = YES;
				COPY_PHASE_STRIP = NO;
				DEBUG_INFORMATION_FORMAT = "dwarf-with-dsym";
				ENABLE_NS_ASSERTIONS = NO;
				ENABLE_STRICT_OBJC_MSGSEND = YES;
				GCC_C_LANGUAGE_STANDARD = gnu11;
				GCC_NO_COMMON_BLOCKS = YES;
				GCC_WARN_64_TO_32_BIT_CONVERSION = YES;
				GCC_WARN_ABOUT_RETURN_TYPE = YES_ERROR;
				GCC_WARN_UNDECLARED_SELECTOR = YES;
				GCC_WARN_UNINITIALIZED_AUTOS = YES_AGGRESSIVE;
				GCC_WARN_UNUSED_FUNCTION = YES;
				GCC_WARN_UNUSED_VARIABLE = YES;
				IPHONEOS_DEPLOYMENT_TARGET = 13.2;
				MTL_ENABLE_DEBUG_INFO = NO;
				MTL_FAST_MATH = YES;
				SDKROOT = iphoneos;
				SWIFT_COMPILATION_MODE = wholemodule;
				SWIFT_OPTIMIZATION_LEVEL = "-O";
				VALIDATE_PRODUCT = YES;
			};
			name = Release;
		};
		767763C42373930B0011419F /* Debug */ = {
			isa = XCBuildConfiguration;
			buildSettings = {
				ASSETCATALOG_COMPILER_APPICON_NAME = AppIcon;
				CODE_SIGN_STYLE = Automatic;
				DEVELOPMENT_TEAM = 994BWAVX9G;
				INFOPLIST_FILE = Tab/Info.plist;
				LD_RUNPATH_SEARCH_PATHS = (
					"$(inherited)",
					"@executable_path/Frameworks",
				);
				PRODUCT_BUNDLE_IDENTIFIER = com.Moon.Tab;
				PRODUCT_NAME = "$(TARGET_NAME)";
				SWIFT_VERSION = 5.0;
				TARGETED_DEVICE_FAMILY = "1,2";
			};
			name = Debug;
		};
		767763C52373930B0011419F /* Release */ = {
			isa = XCBuildConfiguration;
			buildSettings = {
				ASSETCATALOG_COMPILER_APPICON_NAME = AppIcon;
				CODE_SIGN_STYLE = Automatic;
				DEVELOPMENT_TEAM = 994BWAVX9G;
				INFOPLIST_FILE = Tab/Info.plist;
				LD_RUNPATH_SEARCH_PATHS = (
					"$(inherited)",
					"@executable_path/Frameworks",
				);
				PRODUCT_BUNDLE_IDENTIFIER = com.Moon.Tab;
				PRODUCT_NAME = "$(TARGET_NAME)";
				SWIFT_VERSION = 5.0;
				TARGETED_DEVICE_FAMILY = "1,2";
			};
			name = Release;
		};
/* End XCBuildConfiguration section */

/* Begin XCConfigurationList section */
		767763AA237393090011419F /* Build configuration list for PBXProject "Tab" */ = {
			isa = XCConfigurationList;
			buildConfigurations = (
				767763C12373930B0011419F /* Debug */,
				767763C22373930B0011419F /* Release */,
			);
			defaultConfigurationIsVisible = 0;
			defaultConfigurationName = Release;
		};
		767763C32373930B0011419F /* Build configuration list for PBXNativeTarget "Tab" */ = {
			isa = XCConfigurationList;
			buildConfigurations = (
				767763C42373930B0011419F /* Debug */,
				767763C52373930B0011419F /* Release */,
			);
			defaultConfigurationIsVisible = 0;
			defaultConfigurationName = Release;
		};
/* End XCConfigurationList section */
	};
	rootObject = 767763A7237393090011419F /* Project object */;
}
